
Microsoft Visual Studio Solution File, Format Version 12.00
# Visual Studio Version 17
VisualStudioVersion = 17.1.32210.238
MinimumVisualStudioVersion = 10.0.40219.1
Project("{FAE04EC0-301F-11D3-BF4B-00C04F79EFBC}") = "API", "API.csproj", "{3108441D-623C-41B6-856B-E2FD55E0EDDA}"
EndProject
Global
	GlobalSection(SolutionConfigurationPlatforms) = preSolution
		Debug|Any CPU = Debug|Any CPU
		Release|Any CPU = Release|Any CPU
	EndGlobalSection
	GlobalSection(ProjectConfigurationPlatforms) = postSolution
		{3108441D-623C-41B6-856B-E2FD55E0EDDA}.Debug|Any CPU.ActiveCfg = Debug|Any CPU
		{3108441D-623C-41B6-856B-E2FD55E0EDDA}.Debug|Any CPU.Build.0 = Debug|Any CPU
		{3108441D-623C-41B6-856B-E2FD55E0EDDA}.Release|Any CPU.ActiveCfg = Release|Any CPU
		{3108441D-623C-41B6-856B-E2FD55E0EDDA}.Release|Any CPU.Build.0 = Release|Any CPU
	EndGlobalSection
	GlobalSection(SolutionProperties) = preSolution
		HideSolutionNode = FALSE
	EndGlobalSection
	GlobalSection(ExtensibilityGlobals) = postSolution
		SolutionGuid = {643FC631-F4ED-44D6-912C-C1198E64084D}
	EndGlobalSection
EndGlobal
